
Microsoft Visual Studio Solution File, Format Version 12.00
# Visual Studio Version 17
VisualStudioVersion = 17.0.31903.59
MinimumVisualStudioVersion = 10.0.40219.1
Project("{2150E333-8FDC-42A3-9474-1A3956D46DE8}") = "src", "src", "{BD87BD06-CC2E-4302-BE19-CA32D00003A9}"
EndProject
Project("{FAE04EC0-301F-11D3-BF4B-00C04F79EFBC}") = "Library.Api", "src\Library.Api\Library.Api.csproj", "{C8BF1889-8AF9-4CF5-B740-BBDC8DB455BA}"
EndProject
Project("{2150E333-8FDC-42A3-9474-1A3956D46DE8}") = "tests", "tests", "{1EE39C15-3199-4ACD-905D-16AB65B4BFED}"
EndProject
Project("{FAE04EC0-301F-11D3-BF4B-00C04F79EFBC}") = "Library.UnitTests", "tests\Library.UnitTests\Library.UnitTests.csproj", "{F676ACA0-6491-4866-A5B3-99F3C11686E5}"
EndProject
Global
	GlobalSection(SolutionConfigurationPlatforms) = preSolution
		Debug|Any CPU = Debug|Any CPU
		Release|Any CPU = Release|Any CPU
	EndGlobalSection
	GlobalSection(SolutionProperties) = preSolution
		HideSolutionNode = FALSE
	EndGlobalSection
	GlobalSection(ProjectConfigurationPlatforms) = postSolution
		{C8BF1889-8AF9-4CF5-B740-BBDC8DB455BA}.Debug|Any CPU.ActiveCfg = Debug|Any CPU
		{C8BF1889-8AF9-4CF5-B740-BBDC8DB455BA}.Debug|Any CPU.Build.0 = Debug|Any CPU
		{C8BF1889-8AF9-4CF5-B740-BBDC8DB455BA}.Release|Any CPU.ActiveCfg = Release|Any CPU
		{C8BF1889-8AF9-4CF5-B740-BBDC8DB455BA}.Release|Any CPU.Build.0 = Release|Any CPU
		{F676ACA0-6491-4866-A5B3-99F3C11686E5}.Debug|Any CPU.ActiveCfg = Debug|Any CPU
		{F676ACA0-6491-4866-A5B3-99F3C11686E5}.Debug|Any CPU.Build.0 = Debug|Any CPU
		{F676ACA0-6491-4866-A5B3-99F3C11686E5}.Release|Any CPU.ActiveCfg = Release|Any CPU
		{F676ACA0-6491-4866-A5B3-99F3C11686E5}.Release|Any CPU.Build.0 = Release|Any CPU
	EndGlobalSection
	GlobalSection(NestedProjects) = preSolution
		{C8BF1889-8AF9-4CF5-B740-BBDC8DB455BA} = {BD87BD06-CC2E-4302-BE19-CA32D00003A9}
		{F676ACA0-6491-4866-A5B3-99F3C11686E5} = {1EE39C15-3199-4ACD-905D-16AB65B4BFED}
	EndGlobalSection
EndGlobal
